# THIS IS AN AUTOGENERATED FILE. DO NOT EDIT THIS FILE DIRECTLY.
# yarn lockfile v1


"@bufbuild/buf-darwin-arm64@1.46.0":
  version "1.46.0"
  resolved "https://registry.yarnpkg.com/@bufbuild/buf-darwin-arm64/-/buf-darwin-arm64-1.46.0.tgz#449f46005ad56dffff982643a702156636957912"
  integrity sha512-lSmTKyRhg+71acXp9QeX/wm+vjkf0J3n38wph7KOwMfCEeK4A2AkqsGOkoXSiaIvidA2pRU9RJRQYfryzCA9Pg==

"@bufbuild/buf-darwin-x64@1.46.0":
  version "1.46.0"
  resolved "https://registry.yarnpkg.com/@bufbuild/buf-darwin-x64/-/buf-darwin-x64-1.46.0.tgz#273b03cc516b038bf9188cef942a4e2225463378"
  integrity sha512-Oa9XTLJshsEjzowyt2mH9XrXW38DRFdz7ml+IYKXVQPotNLr04ix7QES7A1eOBJtxLwuTiri4ScXuBLQGNX8+A==

"@bufbuild/buf-linux-aarch64@1.46.0":
  version "1.46.0"
  resolved "https://registry.yarnpkg.com/@bufbuild/buf-linux-aarch64/-/buf-linux-aarch64-1.46.0.tgz#5dd111a5ab5d93e354d2d317bce4b7da3872be26"
  integrity sha512-CbxbLH5sQCRjEKVEcWJySvCKyAPAUhX0vCTifT/eQyZ70FUsqCJKJ6+dKl6Ajk0CgUHqf8jkU/wX/+aQFYXyaA==

"@bufbuild/buf-linux-x64@1.46.0":
  version "1.46.0"
  resolved "https://registry.yarnpkg.com/@bufbuild/buf-linux-x64/-/buf-linux-x64-1.46.0.tgz#74d8680351528bd61860b4db7fa37665ab74327c"
  integrity sha512-bMqp+Q+16KPbuwX34/OLDeiimnwt5sfvHqyeMeRz4LLwLshbmM3m+8dGCSHZRo3Lr+4gW1PfunrfaEmcGqPHLQ==

"@bufbuild/buf-win32-arm64@1.46.0":
  version "1.46.0"
  resolved "https://registry.yarnpkg.com/@bufbuild/buf-win32-arm64/-/buf-win32-arm64-1.46.0.tgz#8b17076c1c86285c0444d67fbded168f13fc5972"
  integrity sha512-geVYXp1PWJiAAFpwhgP8Cnct0+Rdr89BF/WZoIh5WwFGYITGiu5Hb1Ui9DTrEYwDzahPCyPxgIVwzzW6kPWSag==

"@bufbuild/buf-win32-x64@1.46.0":
  version "1.46.0"
  resolved "https://registry.yarnpkg.com/@bufbuild/buf-win32-x64/-/buf-win32-x64-1.46.0.tgz#d2b831cfc0c1e61b3ed89f282088468655a907d6"
  integrity sha512-6nsxkzj5a1L41NOJFKjli8j6GB/NkPHLIr0T/b27Y3GfprVYQawOComYD5HfojvBLuAiE2cD/kEQIWKK1YRcng==

"@bufbuild/buf@^1.46.0":
  version "1.46.0"
  resolved "https://registry.yarnpkg.com/@bufbuild/buf/-/buf-1.46.0.tgz#695c79972d27e5f2c908a7e8270f4578ac542909"
  integrity sha512-uN3NKuAKvcQcZc1hn9+njSCusL7NAILqQI7mlkDDa4kRy7cTsiw53ggddfAs0YXbQ8zZnmudwwWjKRDIUaRqXQ==
  optionalDependencies:
    "@bufbuild/buf-darwin-arm64" "1.46.0"
    "@bufbuild/buf-darwin-x64" "1.46.0"
    "@bufbuild/buf-linux-aarch64" "1.46.0"
    "@bufbuild/buf-linux-x64" "1.46.0"
    "@bufbuild/buf-win32-arm64" "1.46.0"
    "@bufbuild/buf-win32-x64" "1.46.0"

"@bufbuild/protobuf@2.2.2", "@bufbuild/protobuf@^2.2.2":
  version "2.2.2"
  resolved "https://registry.yarnpkg.com/@bufbuild/protobuf/-/protobuf-2.2.2.tgz#1a6d89603fb215dc4d4178052d05b30b83c75402"
  integrity sha512-UNtPCbrwrenpmrXuRwn9jYpPoweNXj8X5sMvYgsqYyaH8jQ6LfUJSk3dJLnBK+6sfYPrF4iAIo5sd5HQ+tg75A==

"@bufbuild/protoc-gen-es@^2.2.2":
  version "2.2.2"
  resolved "https://registry.yarnpkg.com/@bufbuild/protoc-gen-es/-/protoc-gen-es-2.2.2.tgz#50ab4784c91f06f97fea60d5c34adc1090d06057"
  integrity sha512-dQNfX2c6srAevuT0NR+C5OrNp+dlebIhR2R/GQOhJykCMJB1GB0jBnniSEWC+6YIUGFGLXgSyYbtNPaxZGPM0Q==
  dependencies:
    "@bufbuild/protobuf" "^2.2.2"
    "@bufbuild/protoplugin" "2.2.2"

"@bufbuild/protoplugin@2.2.2":
  version "2.2.2"
  resolved "https://registry.yarnpkg.com/@bufbuild/protoplugin/-/protoplugin-2.2.2.tgz#dbbc43342473a0b174e10841c6dffab07121ef10"
  integrity sha512-EKKrjBsA/F2l502PPWfmvx//qRJpOXpyDhwFOYSbwRYfqzEUuuNSb1A+YGE7iDxoEqxwo+len/CJny29iP1ESg==
  dependencies:
    "@bufbuild/protobuf" "2.2.2"
    "@typescript/vfs" "^1.5.2"
    typescript "5.4.5"

"@playwright/test@^1.48.2":
  version "1.48.2"
  resolved "https://registry.yarnpkg.com/@playwright/test/-/test-1.48.2.tgz#87dd40633f980872283404c8142a65744d3f13d6"
  integrity sha512-54w1xCWfXuax7dz4W2M9uw0gDyh+ti/0K/MxcCUxChFh37kkdxPdfZDw5QBbuPUJHr1CiHJ1hXgSs+GgeQc5Zw==
  dependencies:
    playwright "1.48.2"

"@types/node@^22.8.6":
  version "22.8.6"
  resolved "https://registry.yarnpkg.com/@types/node/-/node-22.8.6.tgz#e8a0c0871623283d8b3ef7d7b9b1bfdfd3028e22"
  integrity sha512-tosuJYKrIqjQIlVCM4PEGxOmyg3FCPa/fViuJChnGeEIhjA46oy8FMVoF9su1/v8PNs2a8Q0iFNyOx0uOF91nw==
  dependencies:
    undici-types "~6.19.8"

"@typescript/vfs@^1.5.2":
  version "1.6.0"
  resolved "https://registry.yarnpkg.com/@typescript/vfs/-/vfs-1.6.0.tgz#9c90d8c43f7ac53cc77d5959e5c4c9b639f0959e"
  integrity sha512-hvJUjNVeBMp77qPINuUvYXj4FyWeeMMKZkxEATEU3hqBAQ7qdTBCUFT7Sp0Zu0faeEtFf+ldXxMEDr/bk73ISg==
  dependencies:
    debug "^4.1.1"

debug@^4.1.1:
  version "4.3.7"
  resolved "https://registry.yarnpkg.com/debug/-/debug-4.3.7.tgz#87945b4151a011d76d95a198d7111c865c360a52"
  integrity sha512-Er2nc/H7RrMXZBFCEim6TCmMk02Z8vLC2Rbi1KEBggpo0fS6l0S1nnapwmIi3yW/+GOJap1Krg4w0Hg80oCqgQ==
  dependencies:
    ms "^2.1.3"

fsevents@2.3.2:
  version "2.3.2"
  resolved "https://registry.yarnpkg.com/fsevents/-/fsevents-2.3.2.tgz#8a526f78b8fdf4623b709e0b975c52c24c02fd1a"
  integrity sha512-xiqMQR4xAeHTuB9uWm+fFRcIOgKBMiOBP+eXiyT7jsgVCq1bkVygt00oASowB7EdtpOHaaPgKt812P9ab+DDKA==

ms@^2.1.3:
  version "2.1.3"
  resolved "https://registry.yarnpkg.com/ms/-/ms-2.1.3.tgz#574c8138ce1d2b5861f0b44579dbadd60c6615b2"
  integrity sha512-6FlzubTLZG3J2a/NVCAleEhjzq5oxgHyaCU9yYXvcLsvoVaHJq/s5xXI6/XXP6tz7R9xAOtHnSO/tXtF3WRTlA==

playwright-core@1.48.2:
  version "1.48.2"
  resolved "https://registry.yarnpkg.com/playwright-core/-/playwright-core-1.48.2.tgz#cd76ed8af61690edef5c05c64721c26a8db2f3d7"
  integrity sha512-sjjw+qrLFlriJo64du+EK0kJgZzoQPsabGF4lBvsid+3CNIZIYLgnMj9V6JY5VhM2Peh20DJWIVpVljLLnlawA==

playwright@1.48.2:
  version "1.48.2"
  resolved "https://registry.yarnpkg.com/playwright/-/playwright-1.48.2.tgz#fca45ae8abdc34835c715718072aaff7e305167e"
  integrity sha512-NjYvYgp4BPmiwfe31j4gHLa3J7bD2WiBz8Lk2RoSsmX38SVIARZ18VYjxLjAcDsAhA+F4iSEXTSGgjua0rrlgQ==
  dependencies:
    playwright-core "1.48.2"
  optionalDependencies:
    fsevents "2.3.2"

typescript@5.4.5:
  version "5.4.5"
  resolved "https://registry.yarnpkg.com/typescript/-/typescript-5.4.5.tgz#42ccef2c571fdbd0f6718b1d1f5e6e5ef006f611"
  integrity sha512-vcI4UpRgg81oIRUFwR0WSIHKt11nJ7SAVlYNIu+QpqeyXP+gpQJy/Z4+F0aGxSE4MqwjyXvW/TzgkLAx2AGHwQ==

undici-types@~6.19.8:
  version "6.19.8"
  resolved "https://registry.yarnpkg.com/undici-types/-/undici-types-6.19.8.tgz#35111c9d1437ab83a7cdc0abae2f26d88eda0a02"
  integrity sha512-ve2KP6f/JnbPBFyobGHuerC9g1FYGn/F8n1LWTwNxCEzd6IfqTwUQcNXgEtmmQ6DlRrC1hrSrBnCZPokRrDHjw==

uuid@^11.0.2:
  version "11.0.2"
  resolved "https://registry.yarnpkg.com/uuid/-/uuid-11.0.2.tgz#a8d68ba7347d051e7ea716cc8dcbbab634d66875"
  integrity sha512-14FfcOJmqdjbBPdDjFQyk/SdT4NySW4eM0zcG+HqbHP5jzuH56xO3J1DGhgs/cEMCfwYi3HQI1gnTO62iaG+tQ==
